
Microsoft Visual Studio Solution File, Format Version 12.00
# Visual Studio Version 17
VisualStudioVersion = 17.9.34902.65
MinimumVisualStudioVersion = 10.0.40219.1
Project("{FAE04EC0-301F-11D3-BF4B-00C04F79EFBC}") = "BalwinBlazorBrand", "BalwinBlazorBrand.csproj", "{CD33D384-6407-4D16-B524-47AFE3FAA5A3}"
EndProject
Global
	GlobalSection(SolutionConfigurationPlatforms) = preSolution
		Debug|Any CPU = Debug|Any CPU
		Release|Any CPU = Release|Any CPU
	EndGlobalSection
	GlobalSection(ProjectConfigurationPlatforms) = postSolution
		{CD33D384-6407-4D16-B524-47AFE3FAA5A3}.Debug|Any CPU.ActiveCfg = Debug|Any CPU
		{CD33D384-6407-4D16-B524-47AFE3FAA5A3}.Debug|Any CPU.Build.0 = Debug|Any CPU
		{CD33D384-6407-4D16-B524-47AFE3FAA5A3}.Debug|Any CPU.Deploy.0 = Debug|Any CPU
		{CD33D384-6407-4D16-B524-47AFE3FAA5A3}.Release|Any CPU.ActiveCfg = Release|Any CPU
		{CD33D384-6407-4D16-B524-47AFE3FAA5A3}.Release|Any CPU.Build.0 = Release|Any CPU
		{CD33D384-6407-4D16-B524-47AFE3FAA5A3}.Release|Any CPU.Deploy.0 = Release|Any CPU
	EndGlobalSection
	GlobalSection(SolutionProperties) = preSolution
		HideSolutionNode = FALSE
	EndGlobalSection
	GlobalSection(ExtensibilityGlobals) = postSolution
		SolutionGuid = {67ADDD1D-32BD-435A-B9D6-52787437B0A6}
	EndGlobalSection
EndGlobal
